speakeasyVersion: 1.441.0
sources:
    uptime-kuma-OAS:
        sourceNamespace: uptime-kuma-oas
        sourceRevisionDigest: sha256:39feed53f07f85a3fe16f595a06dd844fc205e1e6d3e9ed809e843cb644d4185
        sourceBlobDigest: sha256:2563f9caf2b461cf6321f3f004de7d8fdc86fb297cbddd58e1311181aea46110
        tags:
            - latest
targets:
    uptime-kuma:
        source: uptime-kuma-OAS
        sourceNamespace: uptime-kuma-oas
        sourceRevisionDigest: sha256:39feed53f07f85a3fe16f595a06dd844fc205e1e6d3e9ed809e843cb644d4185
        sourceBlobDigest: sha256:2563f9caf2b461cf6321f3f004de7d8fdc86fb297cbddd58e1311181aea46110
workflow:
    workflowVersion: 1.0.0
    speakeasyVersion: latest
    sources:
        uptime-kuma-OAS:
            inputs:
                - location: ./openapi.json
            registry:
                location: registry.speakeasyapi.dev/kuma-provider/kuma-provider/uptime-kuma-oas
    targets:
        uptime-kuma:
            target: terraform
            source: uptime-kuma-OAS
